
Microsoft Visual Studio Solution File, Format Version 12.00
# Visual Studio 2013
VisualStudioVersion = 12.0.40629.0
MinimumVisualStudioVersion = 10.0.40219.1
Project("{FAE04EC0-301F-11D3-BF4B-00C04F79EFBC}") = "My_Home_Works", "My_Home_Works\My_Home_Works.csproj", "{F745E9FC-51FB-4CA3-B819-F0B55B50B180}"
EndProject
Global
	GlobalSection(SolutionConfigurationPlatforms) = preSolution
		Debug|Any CPU = Debug|Any CPU
		Release|Any CPU = Release|Any CPU
	EndGlobalSection
	GlobalSection(ProjectConfigurationPlatforms) = postSolution
		{F745E9FC-51FB-4CA3-B819-F0B55B50B180}.Debug|Any CPU.ActiveCfg = Debug|Any CPU
		{F745E9FC-51FB-4CA3-B819-F0B55B50B180}.Debug|Any CPU.Build.0 = Debug|Any CPU
		{F745E9FC-51FB-4CA3-B819-F0B55B50B180}.Release|Any CPU.ActiveCfg = Release|Any CPU
		{F745E9FC-51FB-4CA3-B819-F0B55B50B180}.Release|Any CPU.Build.0 = Release|Any CPU
	EndGlobalSection
	GlobalSection(SolutionProperties) = preSolution
		HideSolutionNode = FALSE
	EndGlobalSection
EndGlobal
